
Microsoft Visual Studio Solution File, Format Version 12.00
# Visual Studio Version 17
VisualStudioVersion = 17.3.32819.101
MinimumVisualStudioVersion = 10.0.40219.1
Project("{2150E333-8FDC-42A3-9474-1A3956D46DE8}") = "Common", "Common", "{E29C34CE-CE16-4A11-9185-D13C4AA34880}"
EndProject
Project("{2150E333-8FDC-42A3-9474-1A3956D46DE8}") = "Src", "Src", "{FF183A42-504C-4F3E-8304-C51363CA109A}"
EndProject
Project("{2150E333-8FDC-42A3-9474-1A3956D46DE8}") = "Test", "Test", "{18FD794B-FB9B-4988-993B-175C1E833938}"
EndProject
Project("{2150E333-8FDC-42A3-9474-1A3956D46DE8}") = "Doc", "Doc", "{34221463-5536-44B6-880C-6BB64CB3F918}"
EndProject
Project("{2150E333-8FDC-42A3-9474-1A3956D46DE8}") = "Core", "Core", "{1F9FF2CC-1992-4900-BECB-80F0216E595B}"
EndProject
Project("{2150E333-8FDC-42A3-9474-1A3956D46DE8}") = "Infrastructure", "Infrastructure", "{DB06813D-4342-41BE-9E6F-653196FC0172}"
EndProject
Project("{2150E333-8FDC-42A3-9474-1A3956D46DE8}") = "Presentation", "Presentation", "{EE0B251D-33A2-45B3-B793-5B8FA3A4A39E}"
EndProject
Project("{9A19103F-16F7-4668-BE54-9A1E7A4F7556}") = "Common", "Common\Common.csproj", "{E09F9E19-01C7-48EE-9EB6-19B9B4FFA867}"
EndProject
Project("{9A19103F-16F7-4668-BE54-9A1E7A4F7556}") = "Application", "Application\Application.csproj", "{6B12D439-0EBB-49B6-BA46-C2D37903E5B3}"
EndProject
Project("{9A19103F-16F7-4668-BE54-9A1E7A4F7556}") = "Domain", "Domain\Domain.csproj", "{5556BCA0-96D0-4B0B-980F-7B159BF2A0F2}"
EndProject
Project("{9A19103F-16F7-4668-BE54-9A1E7A4F7556}") = "Infrastructure", "Infrastructure\Infrastructure.csproj", "{D0018F4A-CC51-49D7-850A-49B5CF032420}"
EndProject
Project("{9A19103F-16F7-4668-BE54-9A1E7A4F7556}") = "Persistance", "Persistance\Persistance.csproj", "{8B404CEA-10FA-4331-84F9-1809AB2A2502}"
EndProject
Project("{9A19103F-16F7-4668-BE54-9A1E7A4F7556}") = "EndPoint.Site", "EndPoint.Site\EndPoint.Site.csproj", "{19CD763A-355B-4F27-9C8E-F9835D1F2051}"
EndProject
Project("{FAE04EC0-301F-11D3-BF4B-00C04F79EFBC}") = "EndPoint.Api", "EndPoint.Api\EndPoint.Api.csproj", "{6D0C689D-4192-4C2F-B1A3-6AEEC17CBF76}"
EndProject
Global
	GlobalSection(SolutionConfigurationPlatforms) = preSolution
		Debug|Any CPU = Debug|Any CPU
		Release|Any CPU = Release|Any CPU
	EndGlobalSection
	GlobalSection(ProjectConfigurationPlatforms) = postSolution
		{E09F9E19-01C7-48EE-9EB6-19B9B4FFA867}.Debug|Any CPU.ActiveCfg = Debug|Any CPU
		{E09F9E19-01C7-48EE-9EB6-19B9B4FFA867}.Debug|Any CPU.Build.0 = Debug|Any CPU
		{E09F9E19-01C7-48EE-9EB6-19B9B4FFA867}.Release|Any CPU.ActiveCfg = Release|Any CPU
		{E09F9E19-01C7-48EE-9EB6-19B9B4FFA867}.Release|Any CPU.Build.0 = Release|Any CPU
		{6B12D439-0EBB-49B6-BA46-C2D37903E5B3}.Debug|Any CPU.ActiveCfg = Debug|Any CPU
		{6B12D439-0EBB-49B6-BA46-C2D37903E5B3}.Debug|Any CPU.Build.0 = Debug|Any CPU
		{6B12D439-0EBB-49B6-BA46-C2D37903E5B3}.Release|Any CPU.ActiveCfg = Release|Any CPU
		{6B12D439-0EBB-49B6-BA46-C2D37903E5B3}.Release|Any CPU.Build.0 = Release|Any CPU
		{5556BCA0-96D0-4B0B-980F-7B159BF2A0F2}.Debug|Any CPU.ActiveCfg = Debug|Any CPU
		{5556BCA0-96D0-4B0B-980F-7B159BF2A0F2}.Debug|Any CPU.Build.0 = Debug|Any CPU
		{5556BCA0-96D0-4B0B-980F-7B159BF2A0F2}.Release|Any CPU.ActiveCfg = Release|Any CPU
		{5556BCA0-96D0-4B0B-980F-7B159BF2A0F2}.Release|Any CPU.Build.0 = Release|Any CPU
		{D0018F4A-CC51-49D7-850A-49B5CF032420}.Debug|Any CPU.ActiveCfg = Debug|Any CPU
		{D0018F4A-CC51-49D7-850A-49B5CF032420}.Debug|Any CPU.Build.0 = Debug|Any CPU
		{D0018F4A-CC51-49D7-850A-49B5CF032420}.Release|Any CPU.ActiveCfg = Release|Any CPU
		{D0018F4A-CC51-49D7-850A-49B5CF032420}.Release|Any CPU.Build.0 = Release|Any CPU
		{8B404CEA-10FA-4331-84F9-1809AB2A2502}.Debug|Any CPU.ActiveCfg = Debug|Any CPU
		{8B404CEA-10FA-4331-84F9-1809AB2A2502}.Debug|Any CPU.Build.0 = Debug|Any CPU
		{8B404CEA-10FA-4331-84F9-1809AB2A2502}.Release|Any CPU.ActiveCfg = Release|Any CPU
		{8B404CEA-10FA-4331-84F9-1809AB2A2502}.Release|Any CPU.Build.0 = Release|Any CPU
		{19CD763A-355B-4F27-9C8E-F9835D1F2051}.Debug|Any CPU.ActiveCfg = Debug|Any CPU
		{19CD763A-355B-4F27-9C8E-F9835D1F2051}.Debug|Any CPU.Build.0 = Debug|Any CPU
		{19CD763A-355B-4F27-9C8E-F9835D1F2051}.Release|Any CPU.ActiveCfg = Release|Any CPU
		{19CD763A-355B-4F27-9C8E-F9835D1F2051}.Release|Any CPU.Build.0 = Release|Any CPU
		{6D0C689D-4192-4C2F-B1A3-6AEEC17CBF76}.Debug|Any CPU.ActiveCfg = Debug|Any CPU
		{6D0C689D-4192-4C2F-B1A3-6AEEC17CBF76}.Debug|Any CPU.Build.0 = Debug|Any CPU
		{6D0C689D-4192-4C2F-B1A3-6AEEC17CBF76}.Release|Any CPU.ActiveCfg = Release|Any CPU
		{6D0C689D-4192-4C2F-B1A3-6AEEC17CBF76}.Release|Any CPU.Build.0 = Release|Any CPU
	EndGlobalSection
	GlobalSection(SolutionProperties) = preSolution
		HideSolutionNode = FALSE
	EndGlobalSection
	GlobalSection(NestedProjects) = preSolution
		{E29C34CE-CE16-4A11-9185-D13C4AA34880} = {FF183A42-504C-4F3E-8304-C51363CA109A}
		{1F9FF2CC-1992-4900-BECB-80F0216E595B} = {FF183A42-504C-4F3E-8304-C51363CA109A}
		{DB06813D-4342-41BE-9E6F-653196FC0172} = {FF183A42-504C-4F3E-8304-C51363CA109A}
		{EE0B251D-33A2-45B3-B793-5B8FA3A4A39E} = {FF183A42-504C-4F3E-8304-C51363CA109A}
		{E09F9E19-01C7-48EE-9EB6-19B9B4FFA867} = {E29C34CE-CE16-4A11-9185-D13C4AA34880}
		{6B12D439-0EBB-49B6-BA46-C2D37903E5B3} = {1F9FF2CC-1992-4900-BECB-80F0216E595B}
		{5556BCA0-96D0-4B0B-980F-7B159BF2A0F2} = {1F9FF2CC-1992-4900-BECB-80F0216E595B}
		{D0018F4A-CC51-49D7-850A-49B5CF032420} = {DB06813D-4342-41BE-9E6F-653196FC0172}
		{8B404CEA-10FA-4331-84F9-1809AB2A2502} = {DB06813D-4342-41BE-9E6F-653196FC0172}
		{19CD763A-355B-4F27-9C8E-F9835D1F2051} = {EE0B251D-33A2-45B3-B793-5B8FA3A4A39E}
		{6D0C689D-4192-4C2F-B1A3-6AEEC17CBF76} = {EE0B251D-33A2-45B3-B793-5B8FA3A4A39E}
	EndGlobalSection
	GlobalSection(ExtensibilityGlobals) = postSolution
		SolutionGuid = {33F9C6B5-C5B4-4C71-A151-030B554C15F7}
	EndGlobalSection
EndGlobal
